
Microsoft Visual Studio Solution File, Format Version 12.00
# Visual Studio Version 17
VisualStudioVersion = 17.4.33110.190
MinimumVisualStudioVersion = 10.0.40219.1
Project("{9A19103F-16F7-4668-BE54-9A1E7A4F7556}") = "MyExcel", "MyExcel\MyExcel.csproj", "{8C7A14A7-CF67-4B14-B978-A8869FC5ED9F}"
EndProject
Global
	GlobalSection(SolutionConfigurationPlatforms) = preSolution
		Debug|Any CPU = Debug|Any CPU
		Release|Any CPU = Release|Any CPU
	EndGlobalSection
	GlobalSection(ProjectConfigurationPlatforms) = postSolution
		{8C7A14A7-CF67-4B14-B978-A8869FC5ED9F}.Debug|Any CPU.ActiveCfg = Debug|Any CPU
		{8C7A14A7-CF67-4B14-B978-A8869FC5ED9F}.Debug|Any CPU.Build.0 = Debug|Any CPU
		{8C7A14A7-CF67-4B14-B978-A8869FC5ED9F}.Release|Any CPU.ActiveCfg = Release|Any CPU
		{8C7A14A7-CF67-4B14-B978-A8869FC5ED9F}.Release|Any CPU.Build.0 = Release|Any CPU
	EndGlobalSection
	GlobalSection(SolutionProperties) = preSolution
		HideSolutionNode = FALSE
	EndGlobalSection
	GlobalSection(ExtensibilityGlobals) = postSolution
		SolutionGuid = {BFD9C13E-2CD1-4DC6-B77E-FFB46237AB43}
	EndGlobalSection
EndGlobal
